
Microsoft Visual Studio Solution File, Format Version 12.00
# Visual Studio Version 17
VisualStudioVersion = 17.3.32922.545
MinimumVisualStudioVersion = 10.0.40219.1
Project("{9A19103F-16F7-4668-BE54-9A1E7A4F7556}") = "ms-gusr", "ms-gusr.csproj", "{F3A08545-594D-4DC7-9EA5-225D2923DA65}"
EndProject
Global
	GlobalSection(SolutionConfigurationPlatforms) = preSolution
		Debug|Any CPU = Debug|Any CPU
		Release|Any CPU = Release|Any CPU
	EndGlobalSection
	GlobalSection(ProjectConfigurationPlatforms) = postSolution
		{F3A08545-594D-4DC7-9EA5-225D2923DA65}.Debug|Any CPU.ActiveCfg = Debug|Any CPU
		{F3A08545-594D-4DC7-9EA5-225D2923DA65}.Debug|Any CPU.Build.0 = Debug|Any CPU
		{F3A08545-594D-4DC7-9EA5-225D2923DA65}.Release|Any CPU.ActiveCfg = Release|Any CPU
		{F3A08545-594D-4DC7-9EA5-225D2923DA65}.Release|Any CPU.Build.0 = Release|Any CPU
	EndGlobalSection
	GlobalSection(SolutionProperties) = preSolution
		HideSolutionNode = FALSE
	EndGlobalSection
	GlobalSection(ExtensibilityGlobals) = postSolution
		SolutionGuid = {356A6EE5-668F-49D8-BCDB-AB2A58FF9E28}
	EndGlobalSection
EndGlobal
